
Microsoft Visual Studio Solution File, Format Version 12.00
# Visual Studio 2012
Project("{8BC9CEB8-8B4A-11D0-8D11-00A0C91BC942}") = "最大矩形面积", "最大矩形面积\最大矩形面积.vcxproj", "{C8C923BA-A7B4-478E-9EAF-3E22ED792EBE}"
EndProject
Global
	GlobalSection(SolutionConfigurationPlatforms) = preSolution
		Debug|Win32 = Debug|Win32
		Release|Win32 = Release|Win32
	EndGlobalSection
	GlobalSection(ProjectConfigurationPlatforms) = postSolution
		{C8C923BA-A7B4-478E-9EAF-3E22ED792EBE}.Debug|Win32.ActiveCfg = Debug|Win32
		{C8C923BA-A7B4-478E-9EAF-3E22ED792EBE}.Debug|Win32.Build.0 = Debug|Win32
		{C8C923BA-A7B4-478E-9EAF-3E22ED792EBE}.Release|Win32.ActiveCfg = Release|Win32
		{C8C923BA-A7B4-478E-9EAF-3E22ED792EBE}.Release|Win32.Build.0 = Release|Win32
	EndGlobalSection
	GlobalSection(SolutionProperties) = preSolution
		HideSolutionNode = FALSE
	EndGlobalSection
	GlobalSection(Performance) = preSolution
		HasPerformanceSessions = true
	EndGlobalSection
EndGlobal
