
Microsoft Visual Studio Solution File, Format Version 12.00
# Visual Studio 2012
Project("{8BC9CEB8-8B4A-11D0-8D11-00A0C91BC942}") = "字符串的编辑距离", "字符串的编辑距离\字符串的编辑距离.vcxproj", "{DCFBA75F-3845-4CAA-A0DE-6C7FDA23ED4A}"
EndProject
Global
	GlobalSection(SolutionConfigurationPlatforms) = preSolution
		Debug|Win32 = Debug|Win32
		Release|Win32 = Release|Win32
	EndGlobalSection
	GlobalSection(ProjectConfigurationPlatforms) = postSolution
		{DCFBA75F-3845-4CAA-A0DE-6C7FDA23ED4A}.Debug|Win32.ActiveCfg = Debug|Win32
		{DCFBA75F-3845-4CAA-A0DE-6C7FDA23ED4A}.Debug|Win32.Build.0 = Debug|Win32
		{DCFBA75F-3845-4CAA-A0DE-6C7FDA23ED4A}.Release|Win32.ActiveCfg = Release|Win32
		{DCFBA75F-3845-4CAA-A0DE-6C7FDA23ED4A}.Release|Win32.Build.0 = Release|Win32
	EndGlobalSection
	GlobalSection(SolutionProperties) = preSolution
		HideSolutionNode = FALSE
	EndGlobalSection
EndGlobal
